schema=sortify-dispatch-webui-core-lock-v1
template_repository=Lycidias93/android-root-module-webui-template
template_commit=0d5c724711733b6f794790ef96d718e96c64c258
core_version=0.6.6
core_manifest_sha256=50f92987c0cb2f17e0a4374be2922d6e7b1f2ca8f4bfc384ee7842cdbbd87b83
consumption_model=pinned_gitlink_build_stage_sync
browser_transport=loopback_only
bootstrap=one_time_token_to_httponly_cookie
embedded_host=bounded_launcher_redirect
javascript_shell_exec=forbidden_except_fixed_embedded_launcher
arbitrary_path_input=forbidden
persistent_config=/data/adb/sortify/sortify.conf
sdd_required_policy=v4115
sdd_marker_write=no
boot_dependency=no
