schema=sortify-dispatch-webui-core-lock-v1
template_repository=Lycidias93/android-root-module-webui-template
template_commit=3f49704701d8ab665139cf3551aa9197610cbaaa
core_version=0.7.1
core_manifest_sha256=8481e70eb893722e4b002072939280bb0e467ccc9ee0584eabd2e3d440d8e117
consumption_model=pinned_gitlink_build_stage_sync
browser_transport=loopback_only
bootstrap=one_time_token_to_httponly_cookie
embedded_host=bounded_launcher_redirect
javascript_shell_exec=forbidden_except_fixed_embedded_launcher
arbitrary_path_input=forbidden
persistent_config=/data/adb/sortify/sortify.conf
sdd_required_policy=v4115
sdd_marker_write=no
boot_dependency=no
