schema=sortify-dispatch-webui-core-lock-v1
template_repository=Lycidias93/android-root-module-webui-template
template_commit=e7aa23ebb36be9b9075c66693d045a19413af8b1
core_version=0.6.1
core_manifest_sha256=94600c81b15571571e175f8a16e92177a77269541165f19886c86c0c332e1119
consumption_model=pinned_gitlink_build_stage_sync
browser_transport=loopback_only
bootstrap=one_time_token_to_httponly_cookie
embedded_host=bounded_launcher_redirect
javascript_shell_exec=forbidden_except_fixed_embedded_launcher
arbitrary_path_input=forbidden
persistent_config=/data/adb/sortify/sortify.conf
sdd_required_policy=v4115
sdd_marker_write=no
boot_dependency=no
